
Microsoft Visual Studio Solution File, Format Version 12.00
# Visual Studio Version 16
VisualStudioVersion = 16.0.30717.126
MinimumVisualStudioVersion = 10.0.40219.1
Project("{8BC9CEB8-8B4A-11D0-8D11-00A0C91BC942}") = "BSToperasyonlari", "BSToperasyonlari.vcxproj", "{47F50643-4A90-43EB-99DD-27AC0E3CCA57}"
EndProject
Global
	GlobalSection(SolutionConfigurationPlatforms) = preSolution
		Debug|x64 = Debug|x64
		Debug|x86 = Debug|x86
		Release|x64 = Release|x64
		Release|x86 = Release|x86
	EndGlobalSection
	GlobalSection(ProjectConfigurationPlatforms) = postSolution
		{47F50643-4A90-43EB-99DD-27AC0E3CCA57}.Debug|x64.ActiveCfg = Debug|x64
		{47F50643-4A90-43EB-99DD-27AC0E3CCA57}.Debug|x64.Build.0 = Debug|x64
		{47F50643-4A90-43EB-99DD-27AC0E3CCA57}.Debug|x86.ActiveCfg = Debug|Win32
		{47F50643-4A90-43EB-99DD-27AC0E3CCA57}.Debug|x86.Build.0 = Debug|Win32
		{47F50643-4A90-43EB-99DD-27AC0E3CCA57}.Release|x64.ActiveCfg = Release|x64
		{47F50643-4A90-43EB-99DD-27AC0E3CCA57}.Release|x64.Build.0 = Release|x64
		{47F50643-4A90-43EB-99DD-27AC0E3CCA57}.Release|x86.ActiveCfg = Release|Win32
		{47F50643-4A90-43EB-99DD-27AC0E3CCA57}.Release|x86.Build.0 = Release|Win32
	EndGlobalSection
	GlobalSection(SolutionProperties) = preSolution
		HideSolutionNode = FALSE
	EndGlobalSection
	GlobalSection(ExtensibilityGlobals) = postSolution
		SolutionGuid = {35375A0D-7E02-44FB-BB69-E43A48587110}
	EndGlobalSection
EndGlobal
