
Microsoft Visual Studio Solution File, Format Version 12.00
# Visual Studio Version 16
VisualStudioVersion = 16.0.30621.155
MinimumVisualStudioVersion = 10.0.40219.1
Project("{8BC9CEB8-8B4A-11D0-8D11-00A0C91BC942}") = "DiziPointerUygulamasi", "DiziPointerUygulamasi.vcxproj", "{3D69FF55-9ACC-4DDC-A776-14FE52F04D42}"
EndProject
Global
	GlobalSection(SolutionConfigurationPlatforms) = preSolution
		Debug|x64 = Debug|x64
		Debug|x86 = Debug|x86
		Release|x64 = Release|x64
		Release|x86 = Release|x86
	EndGlobalSection
	GlobalSection(ProjectConfigurationPlatforms) = postSolution
		{3D69FF55-9ACC-4DDC-A776-14FE52F04D42}.Debug|x64.ActiveCfg = Debug|x64
		{3D69FF55-9ACC-4DDC-A776-14FE52F04D42}.Debug|x64.Build.0 = Debug|x64
		{3D69FF55-9ACC-4DDC-A776-14FE52F04D42}.Debug|x86.ActiveCfg = Debug|Win32
		{3D69FF55-9ACC-4DDC-A776-14FE52F04D42}.Debug|x86.Build.0 = Debug|Win32
		{3D69FF55-9ACC-4DDC-A776-14FE52F04D42}.Release|x64.ActiveCfg = Release|x64
		{3D69FF55-9ACC-4DDC-A776-14FE52F04D42}.Release|x64.Build.0 = Release|x64
		{3D69FF55-9ACC-4DDC-A776-14FE52F04D42}.Release|x86.ActiveCfg = Release|Win32
		{3D69FF55-9ACC-4DDC-A776-14FE52F04D42}.Release|x86.Build.0 = Release|Win32
	EndGlobalSection
	GlobalSection(SolutionProperties) = preSolution
		HideSolutionNode = FALSE
	EndGlobalSection
	GlobalSection(ExtensibilityGlobals) = postSolution
		SolutionGuid = {00802967-8C1F-4B9B-92A9-FD1A1256FCD9}
	EndGlobalSection
EndGlobal
